// !$*UTF8*$!
{
	archiveVersion = 1;
	classes = {
	};
	objectVersion = 77;
	objects = {

/* Begin PBXBuildFile section */
		2701D03E2DEA368800DB8F45 /* CXoneChatSDK in Frameworks */ = {isa = PBXBuildFile; productRef = 2701D03D2DEA368800DB8F45 /* CXoneChatSDK */; };
		2701D0412DEA36A000DB8F45 /* CXoneChatUI in Frameworks */ = {isa = PBXBuildFile; productRef = 2701D0402DEA36A000DB8F45 /* CXoneChatUI */; };
/* End PBXBuildFile section */

/* Begin PBXContainerItemProxy section */
		270C793C2E7C93DF000E540D /* PBXContainerItemProxy */ = {
			isa = PBXContainerItemProxy;
			containerPortal = 2701D0262DEA365B00DB8F45 /* Project object */;
			proxyType = 1;
			remoteGlobalIDString = 2701D02D2DEA365B00DB8F45;
			remoteInfo = "SDK Test";
		};
/* End PBXContainerItemProxy section */

/* Begin PBXFileReference section */
		2701D02E2DEA365B00DB8F45 /* SDK Test.app */ = {isa = PBXFileReference; explicitFileType = wrapper.application; includeInIndex = 0; path = "SDK Test.app"; sourceTree = BUILT_PRODUCTS_DIR; };
		270C79382E7C93DF000E540D /* Tests.xctest */ = {isa = PBXFileReference; explicitFileType = wrapper.cfbundle; includeInIndex = 0; path = Tests.xctest; sourceTree = BUILT_PRODUCTS_DIR; };
/* End PBXFileReference section */

/* Begin PBXFileSystemSynchronizedRootGroup section */
		2701D0302DEA365B00DB8F45 /* SDK Test */ = {
			isa = PBXFileSystemSynchronizedRootGroup;
			path = "SDK Test";
			sourceTree = "<group>";
		};
		270C79392E7C93DF000E540D /* Tests */ = {
			isa = PBXFileSystemSynchronizedRootGroup;
			path = Tests;
			sourceTree = "<group>";
		};
/* End PBXFileSystemSynchronizedRootGroup section */

/* Begin PBXFrameworksBuildPhase section */
		2701D02B2DEA365B00DB8F45 /* Frameworks */ = {
			isa = PBXFrameworksBuildPhase;
			buildActionMask = 2147483647;
			files = (
				2701D0412DEA36A000DB8F45 /* CXoneChatUI in Frameworks */,
				2701D03E2DEA368800DB8F45 /* CXoneChatSDK in Frameworks */,
			);
			runOnlyForDeploymentPostprocessing = 0;
		};
		270C79352E7C93DF000E540D /* Frameworks */ = {
			isa = PBXFrameworksBuildPhase;
			buildActionMask = 2147483647;
			files = (
			);
			runOnlyForDeploymentPostprocessing = 0;
		};
/* End PBXFrameworksBuildPhase section */

/* Begin PBXGroup section */
		2701D0252DEA365B00DB8F45 = {
			isa = PBXGroup;
			children = (
				2701D0302DEA365B00DB8F45 /* SDK Test */,
				270C79392E7C93DF000E540D /* Tests */,
				2701D02F2DEA365B00DB8F45 /* Products */,
			);
			sourceTree = "<group>";
		};
		2701D02F2DEA365B00DB8F45 /* Products */ = {
			isa = PBXGroup;
			children = (
				2701D02E2DEA365B00DB8F45 /* SDK Test.app */,
				270C79382E7C93DF000E540D /* Tests.xctest */,
			);
			name = Products;
			sourceTree = "<group>";
		};
/* End PBXGroup section */

/* Begin PBXNativeTarget section */
		2701D02D2DEA365B00DB8F45 /* SDK Test */ = {
			isa = PBXNativeTarget;
			buildConfigurationList = 2701D0392DEA365C00DB8F45 /* Build configuration list for PBXNativeTarget "SDK Test" */;
			buildPhases = (
				2701D02A2DEA365B00DB8F45 /* Sources */,
				2701D02B2DEA365B00DB8F45 /* Frameworks */,
				2701D02C2DEA365B00DB8F45 /* Resources */,
			);
			buildRules = (
			);
			dependencies = (
			);
			fileSystemSynchronizedGroups = (
				2701D0302DEA365B00DB8F45 /* SDK Test */,
			);
			name = "SDK Test";
			packageProductDependencies = (
				2701D03D2DEA368800DB8F45 /* CXoneChatSDK */,
				2701D0402DEA36A000DB8F45 /* CXoneChatUI */,
			);
			productName = "SDK Test";
			productReference = 2701D02E2DEA365B00DB8F45 /* SDK Test.app */;
			productType = "com.apple.product-type.application";
		};
		270C79372E7C93DF000E540D /* Tests */ = {
			isa = PBXNativeTarget;
			buildConfigurationList = 270C793E2E7C93DF000E540D /* Build configuration list for PBXNativeTarget "Tests" */;
			buildPhases = (
				270C79342E7C93DF000E540D /* Sources */,
				270C79352E7C93DF000E540D /* Frameworks */,
				270C79362E7C93DF000E540D /* Resources */,
			);
			buildRules = (
			);
			dependencies = (
				270C793D2E7C93DF000E540D /* PBXTargetDependency */,
			);
			fileSystemSynchronizedGroups = (
				270C79392E7C93DF000E540D /* Tests */,
			);
			name = Tests;
			packageProductDependencies = (
			);
			productName = Tests;
			productReference = 270C79382E7C93DF000E540D /* Tests.xctest */;
			productType = "com.apple.product-type.bundle.unit-test";
		};
/* End PBXNativeTarget section */

/* Begin PBXProject section */
		2701D0262DEA365B00DB8F45 /* Project object */ = {
			isa = PBXProject;
			attributes = {
				BuildIndependentTargetsInParallel = 1;
				LastSwiftUpdateCheck = 2600;
				LastUpgradeCheck = 1640;
				TargetAttributes = {
					2701D02D2DEA365B00DB8F45 = {
						CreatedOnToolsVersion = 16.4;
					};
					270C79372E7C93DF000E540D = {
						CreatedOnToolsVersion = 26.0;
						TestTargetID = 2701D02D2DEA365B00DB8F45;
					};
				};
			};
			buildConfigurationList = 2701D0292DEA365B00DB8F45 /* Build configuration list for PBXProject "SDK Test" */;
			developmentRegion = en;
			hasScannedForEncodings = 0;
			knownRegions = (
				en,
				Base,
			);
			mainGroup = 2701D0252DEA365B00DB8F45;
			minimizedProjectReferenceProxies = 1;
			packageReferences = (
				2701D03C2DEA368800DB8F45 /* XCRemoteSwiftPackageReference "nice-cxone-mobile-sdk-ios" */,
				2701D03F2DEA36A000DB8F45 /* XCRemoteSwiftPackageReference "nice-cxone-mobile-ui-ios" */,
			);
			preferredProjectObjectVersion = 77;
			productRefGroup = 2701D02F2DEA365B00DB8F45 /* Products */;
			projectDirPath = "";
			projectRoot = "";
			targets = (
				2701D02D2DEA365B00DB8F45 /* SDK Test */,
				270C79372E7C93DF000E540D /* Tests */,
			);
		};
/* End PBXProject section */

/* Begin PBXResourcesBuildPhase section */
		2701D02C2DEA365B00DB8F45 /* Resources */ = {
			isa = PBXResourcesBuildPhase;
			buildActionMask = 2147483647;
			files = (
			);
			runOnlyForDeploymentPostprocessing = 0;
		};
		270C79362E7C93DF000E540D /* Resources */ = {
			isa = PBXResourcesBuildPhase;
			buildActionMask = 2147483647;
			files = (
			);
			runOnlyForDeploymentPostprocessing = 0;
		};
/* End PBXResourcesBuildPhase section */

/* Begin PBXSourcesBuildPhase section */
		2701D02A2DEA365B00DB8F45 /* Sources */ = {
			isa = PBXSourcesBuildPhase;
			buildActionMask = 2147483647;
			files = (
			);
			runOnlyForDeploymentPostprocessing = 0;
		};
		270C79342E7C93DF000E540D /* Sources */ = {
			isa = PBXSourcesBuildPhase;
			buildActionMask = 2147483647;
			files = (
			);
			runOnlyForDeploymentPostprocessing = 0;
		};
/* End PBXSourcesBuildPhase section */

/* Begin PBXTargetDependency section */
		270C793D2E7C93DF000E540D /* PBXTargetDependency */ = {
			isa = PBXTargetDependency;
			target = 2701D02D2DEA365B00DB8F45 /* SDK Test */;
			targetProxy = 270C793C2E7C93DF000E540D /* PBXContainerItemProxy */;
		};
/* End PBXTargetDependency section */

/* Begin XCBuildConfiguration section */
		2701D0372DEA365C00DB8F45 /* Debug */ = {
			isa = XCBuildConfiguration;
			buildSettings = {
				ALWAYS_SEARCH_USER_PATHS = NO;
				ASSETCATALOG_COMPILER_GENERATE_SWIFT_ASSET_SYMBOL_EXTENSIONS = YES;
				CLANG_ANALYZER_NONNULL = YES;
				CLANG_ANALYZER_NUMBER_OBJECT_CONVERSION = YES_AGGRESSIVE;
				CLANG_CXX_LANGUAGE_STANDARD = "gnu++20";
				CLANG_ENABLE_MODULES = YES;
				CLANG_ENABLE_OBJC_ARC = YES;
				CLANG_ENABLE_OBJC_WEAK = YES;
				CLANG_WARN_BLOCK_CAPTURE_AUTORELEASING = YES;
				CLANG_WARN_BOOL_CONVERSION = YES;
				CLANG_WARN_COMMA = YES;
				CLANG_WARN_CONSTANT_CONVERSION = YES;
				CLANG_WARN_DEPRECATED_OBJC_IMPLEMENTATIONS = YES;
				CLANG_WARN_DIRECT_OBJC_ISA_USAGE = YES_ERROR;
				CLANG_WARN_DOCUMENTATION_COMMENTS = YES;
				CLANG_WARN_EMPTY_BODY = YES;
				CLANG_WARN_ENUM_CONVERSION = YES;
				CLANG_WARN_INFINITE_RECURSION = YES;
				CLANG_WARN_INT_CONVERSION = YES;
				CLANG_WARN_NON_LITERAL_NULL_CONVERSION = YES;
				CLANG_WARN_OBJC_IMPLICIT_RETAIN_SELF = YES;
				CLANG_WARN_OBJC_LITERAL_CONVERSION = YES;
				CLANG_WARN_OBJC_ROOT_CLASS = YES_ERROR;
				CLANG_WARN_QUOTED_INCLUDE_IN_FRAMEWORK_HEADER = YES;
				CLANG_WARN_RANGE_LOOP_ANALYSIS = YES;
				CLANG_WARN_STRICT_PROTOTYPES = YES;
				CLANG_WARN_SUSPICIOUS_MOVE = YES;
				CLANG_WARN_UNGUARDED_AVAILABILITY = YES_AGGRESSIVE;
				CLANG_WARN_UNREACHABLE_CODE = YES;
				CLANG_WARN__DUPLICATE_METHOD_MATCH = YES;
				COPY_PHASE_STRIP = NO;
				DEBUG_INFORMATION_FORMAT = dwarf;
				DEVELOPMENT_TEAM = 33H5N6B3DG;
				ENABLE_STRICT_OBJC_MSGSEND = YES;
				ENABLE_TESTABILITY = YES;
				ENABLE_USER_SCRIPT_SANDBOXING = YES;
				GCC_C_LANGUAGE_STANDARD = gnu17;
				GCC_DYNAMIC_NO_PIC = NO;
				GCC_NO_COMMON_BLOCKS = YES;
				GCC_OPTIMIZATION_LEVEL = 0;
				GCC_PREPROCESSOR_DEFINITIONS = (
					"DEBUG=1",
					"$(inherited)",
				);
				GCC_WARN_64_TO_32_BIT_CONVERSION = YES;
				GCC_WARN_ABOUT_RETURN_TYPE = YES_ERROR;
				GCC_WARN_UNDECLARED_SELECTOR = YES;
				GCC_WARN_UNINITIALIZED_AUTOS = YES_AGGRESSIVE;
				GCC_WARN_UNUSED_FUNCTION = YES;
				GCC_WARN_UNUSED_VARIABLE = YES;
				IPHONEOS_DEPLOYMENT_TARGET = 18.5;
				LOCALIZATION_PREFERS_STRING_CATALOGS = YES;
				MTL_ENABLE_DEBUG_INFO = INCLUDE_SOURCE;
				MTL_FAST_MATH = YES;
				ONLY_ACTIVE_ARCH = YES;
				SDKROOT = iphoneos;
				SWIFT_ACTIVE_COMPILATION_CONDITIONS = "DEBUG $(inherited)";
				SWIFT_OPTIMIZATION_LEVEL = "-Onone";
			};
			name = Debug;
		};
		2701D0382DEA365C00DB8F45 /* Release */ = {
			isa = XCBuildConfiguration;
			buildSettings = {
				ALWAYS_SEARCH_USER_PATHS = NO;
				ASSETCATALOG_COMPILER_GENERATE_SWIFT_ASSET_SYMBOL_EXTENSIONS = YES;
				CLANG_ANALYZER_NONNULL = YES;
				CLANG_ANALYZER_NUMBER_OBJECT_CONVERSION = YES_AGGRESSIVE;
				CLANG_CXX_LANGUAGE_STANDARD = "gnu++20";
				CLANG_ENABLE_MODULES = YES;
				CLANG_ENABLE_OBJC_ARC = YES;
				CLANG_ENABLE_OBJC_WEAK = YES;
				CLANG_WARN_BLOCK_CAPTURE_AUTORELEASING = YES;
				CLANG_WARN_BOOL_CONVERSION = YES;
				CLANG_WARN_COMMA = YES;
				CLANG_WARN_CONSTANT_CONVERSION = YES;
				CLANG_WARN_DEPRECATED_OBJC_IMPLEMENTATIONS = YES;
				CLANG_WARN_DIRECT_OBJC_ISA_USAGE = YES_ERROR;
				CLANG_WARN_DOCUMENTATION_COMMENTS = YES;
				CLANG_WARN_EMPTY_BODY = YES;
				CLANG_WARN_ENUM_CONVERSION = YES;
				CLANG_WARN_INFINITE_RECURSION = YES;
				CLANG_WARN_INT_CONVERSION = YES;
				CLANG_WARN_NON_LITERAL_NULL_CONVERSION = YES;
				CLANG_WARN_OBJC_IMPLICIT_RETAIN_SELF = YES;
				CLANG_WARN_OBJC_LITERAL_CONVERSION = YES;
				CLANG_WARN_OBJC_ROOT_CLASS = YES_ERROR;
				CLANG_WARN_QUOTED_INCLUDE_IN_FRAMEWORK_HEADER = YES;
				CLANG_WARN_RANGE_LOOP_ANALYSIS = YES;
				CLANG_WARN_STRICT_PROTOTYPES = YES;
				CLANG_WARN_SUSPICIOUS_MOVE = YES;
				CLANG_WARN_UNGUARDED_AVAILABILITY = YES_AGGRESSIVE;
				CLANG_WARN_UNREACHABLE_CODE = YES;
				CLANG_WARN__DUPLICATE_METHOD_MATCH = YES;
				COPY_PHASE_STRIP = NO;
				DEBUG_INFORMATION_FORMAT = "dwarf-with-dsym";
				DEVELOPMENT_TEAM = 33H5N6B3DG;
				ENABLE_NS_ASSERTIONS = NO;
				ENABLE_STRICT_OBJC_MSGSEND = YES;
				ENABLE_USER_SCRIPT_SANDBOXING = YES;
				GCC_C_LANGUAGE_STANDARD = gnu17;
				GCC_NO_COMMON_BLOCKS = YES;
				GCC_WARN_64_TO_32_BIT_CONVERSION = YES;
				GCC_WARN_ABOUT_RETURN_TYPE = YES_ERROR;
				GCC_WARN_UNDECLARED_SELECTOR = YES;
				GCC_WARN_UNINITIALIZED_AUTOS = YES_AGGRESSIVE;
				GCC_WARN_UNUSED_FUNCTION = YES;
				GCC_WARN_UNUSED_VARIABLE = YES;
				IPHONEOS_DEPLOYMENT_TARGET = 18.5;
				LOCALIZATION_PREFERS_STRING_CATALOGS = YES;
				MTL_ENABLE_DEBUG_INFO = NO;
				MTL_FAST_MATH = YES;
				SDKROOT = iphoneos;
				SWIFT_COMPILATION_MODE = wholemodule;
				VALIDATE_PRODUCT = YES;
			};
			name = Release;
		};
		2701D03A2DEA365C00DB8F45 /* Debug */ = {
			isa = XCBuildConfiguration;
			buildSettings = {
				ASSETCATALOG_COMPILER_APPICON_NAME = AppIcon;
				ASSETCATALOG_COMPILER_GLOBAL_ACCENT_COLOR_NAME = AccentColor;
				CODE_SIGN_ENTITLEMENTS = "SDK Test/SDK Test.entitlements";
				CODE_SIGN_STYLE = Automatic;
				CURRENT_PROJECT_VERSION = 1;
				DEVELOPMENT_TEAM = UK8ZTJLF6D;
				ENABLE_PREVIEWS = YES;
				GENERATE_INFOPLIST_FILE = YES;
				INFOPLIST_KEY_UIApplicationSceneManifest_Generation = YES;
				INFOPLIST_KEY_UIApplicationSupportsIndirectInputEvents = YES;
				INFOPLIST_KEY_UILaunchScreen_Generation = YES;
				INFOPLIST_KEY_UISupportedInterfaceOrientations_iPad = "UIInterfaceOrientationPortrait UIInterfaceOrientationPortraitUpsideDown UIInterfaceOrientationLandscapeLeft UIInterfaceOrientationLandscapeRight";
				INFOPLIST_KEY_UISupportedInterfaceOrientations_iPhone = "UIInterfaceOrientationPortrait UIInterfaceOrientationLandscapeLeft UIInterfaceOrientationLandscapeRight";
				LD_RUNPATH_SEARCH_PATHS = (
					"$(inherited)",
					"@executable_path/Frameworks",
				);
				MARKETING_VERSION = 1.0;
				PRODUCT_BUNDLE_IDENTIFIER = customerdynamics.sdktest;
				PRODUCT_NAME = "$(TARGET_NAME)";
				SWIFT_EMIT_LOC_STRINGS = YES;
				SWIFT_VERSION = 5.0;
				TARGETED_DEVICE_FAMILY = "1,2";
			};
			name = Debug;
		};
		2701D03B2DEA365C00DB8F45 /* Release */ = {
			isa = XCBuildConfiguration;
			buildSettings = {
				ASSETCATALOG_COMPILER_APPICON_NAME = AppIcon;
				ASSETCATALOG_COMPILER_GLOBAL_ACCENT_COLOR_NAME = AccentColor;
				CODE_SIGN_ENTITLEMENTS = "SDK Test/SDK Test.entitlements";
				CODE_SIGN_STYLE = Automatic;
				CURRENT_PROJECT_VERSION = 1;
				DEVELOPMENT_TEAM = UK8ZTJLF6D;
				ENABLE_PREVIEWS = YES;
				GENERATE_INFOPLIST_FILE = YES;
				INFOPLIST_KEY_UIApplicationSceneManifest_Generation = YES;
				INFOPLIST_KEY_UIApplicationSupportsIndirectInputEvents = YES;
				INFOPLIST_KEY_UILaunchScreen_Generation = YES;
				INFOPLIST_KEY_UISupportedInterfaceOrientations_iPad = "UIInterfaceOrientationPortrait UIInterfaceOrientationPortraitUpsideDown UIInterfaceOrientationLandscapeLeft UIInterfaceOrientationLandscapeRight";
				INFOPLIST_KEY_UISupportedInterfaceOrientations_iPhone = "UIInterfaceOrientationPortrait UIInterfaceOrientationLandscapeLeft UIInterfaceOrientationLandscapeRight";
				LD_RUNPATH_SEARCH_PATHS = (
					"$(inherited)",
					"@executable_path/Frameworks",
				);
				MARKETING_VERSION = 1.0;
				PRODUCT_BUNDLE_IDENTIFIER = customerdynamics.sdktest;
				PRODUCT_NAME = "$(TARGET_NAME)";
				SWIFT_EMIT_LOC_STRINGS = YES;
				SWIFT_VERSION = 5.0;
				TARGETED_DEVICE_FAMILY = "1,2";
			};
			name = Release;
		};
		270C793F2E7C93DF000E540D /* Debug */ = {
			isa = XCBuildConfiguration;
			buildSettings = {
				BUNDLE_LOADER = "$(TEST_HOST)";
				CODE_SIGN_STYLE = Automatic;
				CURRENT_PROJECT_VERSION = 1;
				GENERATE_INFOPLIST_FILE = YES;
				IPHONEOS_DEPLOYMENT_TARGET = 26.0;
				MARKETING_VERSION = 1.0;
				PRODUCT_BUNDLE_IDENTIFIER = com.tylerhendrickson.Tests;
				PRODUCT_NAME = "$(TARGET_NAME)";
				STRING_CATALOG_GENERATE_SYMBOLS = NO;
				SWIFT_APPROACHABLE_CONCURRENCY = YES;
				SWIFT_EMIT_LOC_STRINGS = NO;
				SWIFT_UPCOMING_FEATURE_MEMBER_IMPORT_VISIBILITY = YES;
				SWIFT_VERSION = 5.0;
				TARGETED_DEVICE_FAMILY = "1,2";
				TEST_HOST = "$(BUILT_PRODUCTS_DIR)/SDK Test.app/$(BUNDLE_EXECUTABLE_FOLDER_PATH)/SDK Test";
			};
			name = Debug;
		};
		270C79402E7C93DF000E540D /* Release */ = {
			isa = XCBuildConfiguration;
			buildSettings = {
				BUNDLE_LOADER = "$(TEST_HOST)";
				CODE_SIGN_STYLE = Automatic;
				CURRENT_PROJECT_VERSION = 1;
				GENERATE_INFOPLIST_FILE = YES;
				IPHONEOS_DEPLOYMENT_TARGET = 26.0;
				MARKETING_VERSION = 1.0;
				PRODUCT_BUNDLE_IDENTIFIER = com.tylerhendrickson.Tests;
				PRODUCT_NAME = "$(TARGET_NAME)";
				STRING_CATALOG_GENERATE_SYMBOLS = NO;
				SWIFT_APPROACHABLE_CONCURRENCY = YES;
				SWIFT_EMIT_LOC_STRINGS = NO;
				SWIFT_UPCOMING_FEATURE_MEMBER_IMPORT_VISIBILITY = YES;
				SWIFT_VERSION = 5.0;
				TARGETED_DEVICE_FAMILY = "1,2";
				TEST_HOST = "$(BUILT_PRODUCTS_DIR)/SDK Test.app/$(BUNDLE_EXECUTABLE_FOLDER_PATH)/SDK Test";
			};
			name = Release;
		};
/* End XCBuildConfiguration section */

/* Begin XCConfigurationList section */
		2701D0292DEA365B00DB8F45 /* Build configuration list for PBXProject "SDK Test" */ = {
			isa = XCConfigurationList;
			buildConfigurations = (
				2701D0372DEA365C00DB8F45 /* Debug */,
				2701D0382DEA365C00DB8F45 /* Release */,
			);
			defaultConfigurationIsVisible = 0;
			defaultConfigurationName = Release;
		};
		2701D0392DEA365C00DB8F45 /* Build configuration list for PBXNativeTarget "SDK Test" */ = {
			isa = XCConfigurationList;
			buildConfigurations = (
				2701D03A2DEA365C00DB8F45 /* Debug */,
				2701D03B2DEA365C00DB8F45 /* Release */,
			);
			defaultConfigurationIsVisible = 0;
			defaultConfigurationName = Release;
		};
		270C793E2E7C93DF000E540D /* Build configuration list for PBXNativeTarget "Tests" */ = {
			isa = XCConfigurationList;
			buildConfigurations = (
				270C793F2E7C93DF000E540D /* Debug */,
				270C79402E7C93DF000E540D /* Release */,
			);
			defaultConfigurationIsVisible = 0;
			defaultConfigurationName = Release;
		};
/* End XCConfigurationList section */

/* Begin XCRemoteSwiftPackageReference section */
		2701D03C2DEA368800DB8F45 /* XCRemoteSwiftPackageReference "nice-cxone-mobile-sdk-ios" */ = {
			isa = XCRemoteSwiftPackageReference;
			repositoryURL = "https://github.com/nice-devone/nice-cxone-mobile-sdk-ios";
			requirement = {
				kind = upToNextMajorVersion;
				minimumVersion = 3.0.1;
			};
		};
		2701D03F2DEA36A000DB8F45 /* XCRemoteSwiftPackageReference "nice-cxone-mobile-ui-ios" */ = {
			isa = XCRemoteSwiftPackageReference;
			repositoryURL = "https://github.com/nice-devone/nice-cxone-mobile-ui-ios";
			requirement = {
				kind = upToNextMajorVersion;
				minimumVersion = 3.0.2;
			};
		};
/* End XCRemoteSwiftPackageReference section */

/* Begin XCSwiftPackageProductDependency section */
		2701D03D2DEA368800DB8F45 /* CXoneChatSDK */ = {
			isa = XCSwiftPackageProductDependency;
			package = 2701D03C2DEA368800DB8F45 /* XCRemoteSwiftPackageReference "nice-cxone-mobile-sdk-ios" */;
			productName = CXoneChatSDK;
		};
		2701D0402DEA36A000DB8F45 /* CXoneChatUI */ = {
			isa = XCSwiftPackageProductDependency;
			package = 2701D03F2DEA36A000DB8F45 /* XCRemoteSwiftPackageReference "nice-cxone-mobile-ui-ios" */;
			productName = CXoneChatUI;
		};
/* End XCSwiftPackageProductDependency section */
	};
	rootObject = 2701D0262DEA365B00DB8F45 /* Project object */;
}
